
Microsoft Visual Studio Solution File, Format Version 12.00
# Visual Studio 15
VisualStudioVersion = 15.0.27703.2042
MinimumVisualStudioVersion = 10.0.40219.1
Project("{FAE04EC0-301F-11D3-BF4B-00C04F79EFBC}") = "Topico1.Propriedades e Acessadores", "Topico1.Propriedades e Acessadores\Topico1.Propriedades e Acessadores.csproj", "{568C7C82-DE53-4FBF-B7DA-25672784BEFE}"
EndProject
Project("{FAE04EC0-301F-11D3-BF4B-00C04F79EFBC}") = "Test", "Test\Test.csproj", "{143EBA96-88F4-4F77-B691-D173E3CA7AFF}"
EndProject
Project("{FAE04EC0-301F-11D3-BF4B-00C04F79EFBC}") = "Topico2.Projetar Interface", "Topico2.Projetar Interface\Topico2.Projetar Interface.csproj", "{2F10C888-AD36-42B0-B867-9E70A6CF5120}"
EndProject
Project("{FAE04EC0-301F-11D3-BF4B-00C04F79EFBC}") = "Topico3.Interfaces Explicitas", "Topico3.Interfaces Explicitas\Topico3.Interfaces Explicitas.csproj", "{53AB8BD1-0070-4E3F-AC4C-7ADE39E251BA}"
EndProject
Global
	GlobalSection(SolutionConfigurationPlatforms) = preSolution
		Debug|Any CPU = Debug|Any CPU
		Release|Any CPU = Release|Any CPU
	EndGlobalSection
	GlobalSection(ProjectConfigurationPlatforms) = postSolution
		{568C7C82-DE53-4FBF-B7DA-25672784BEFE}.Debug|Any CPU.ActiveCfg = Debug|Any CPU
		{568C7C82-DE53-4FBF-B7DA-25672784BEFE}.Debug|Any CPU.Build.0 = Debug|Any CPU
		{568C7C82-DE53-4FBF-B7DA-25672784BEFE}.Release|Any CPU.ActiveCfg = Release|Any CPU
		{568C7C82-DE53-4FBF-B7DA-25672784BEFE}.Release|Any CPU.Build.0 = Release|Any CPU
		{143EBA96-88F4-4F77-B691-D173E3CA7AFF}.Debug|Any CPU.ActiveCfg = Debug|Any CPU
		{143EBA96-88F4-4F77-B691-D173E3CA7AFF}.Debug|Any CPU.Build.0 = Debug|Any CPU
		{143EBA96-88F4-4F77-B691-D173E3CA7AFF}.Release|Any CPU.ActiveCfg = Release|Any CPU
		{143EBA96-88F4-4F77-B691-D173E3CA7AFF}.Release|Any CPU.Build.0 = Release|Any CPU
		{2F10C888-AD36-42B0-B867-9E70A6CF5120}.Debug|Any CPU.ActiveCfg = Debug|Any CPU
		{2F10C888-AD36-42B0-B867-9E70A6CF5120}.Debug|Any CPU.Build.0 = Debug|Any CPU
		{2F10C888-AD36-42B0-B867-9E70A6CF5120}.Release|Any CPU.ActiveCfg = Release|Any CPU
		{2F10C888-AD36-42B0-B867-9E70A6CF5120}.Release|Any CPU.Build.0 = Release|Any CPU
		{53AB8BD1-0070-4E3F-AC4C-7ADE39E251BA}.Debug|Any CPU.ActiveCfg = Debug|Any CPU
		{53AB8BD1-0070-4E3F-AC4C-7ADE39E251BA}.Debug|Any CPU.Build.0 = Debug|Any CPU
		{53AB8BD1-0070-4E3F-AC4C-7ADE39E251BA}.Release|Any CPU.ActiveCfg = Release|Any CPU
		{53AB8BD1-0070-4E3F-AC4C-7ADE39E251BA}.Release|Any CPU.Build.0 = Release|Any CPU
	EndGlobalSection
	GlobalSection(SolutionProperties) = preSolution
		HideSolutionNode = FALSE
	EndGlobalSection
	GlobalSection(ExtensibilityGlobals) = postSolution
		SolutionGuid = {0A9B4B79-CA38-4B62-B445-FBECFAFC60BA}
	EndGlobalSection
EndGlobal
